
Microsoft Visual Studio Solution File, Format Version 12.00
# Visual Studio Version 16
VisualStudioVersion = 16.0.31702.278
MinimumVisualStudioVersion = 10.0.40219.1
Project("{FAE04EC0-301F-11D3-BF4B-00C04F79EFBC}") = "PracticeExercises", "PracticeExercises\PracticeExercises.csproj", "{F3C47597-BCCE-49CD-BC16-B67D71462BD0}"
EndProject
Global
	GlobalSection(SolutionConfigurationPlatforms) = preSolution
		Debug|Any CPU = Debug|Any CPU
		Release|Any CPU = Release|Any CPU
	EndGlobalSection
	GlobalSection(ProjectConfigurationPlatforms) = postSolution
		{F3C47597-BCCE-49CD-BC16-B67D71462BD0}.Debug|Any CPU.ActiveCfg = Debug|Any CPU
		{F3C47597-BCCE-49CD-BC16-B67D71462BD0}.Debug|Any CPU.Build.0 = Debug|Any CPU
		{F3C47597-BCCE-49CD-BC16-B67D71462BD0}.Release|Any CPU.ActiveCfg = Release|Any CPU
		{F3C47597-BCCE-49CD-BC16-B67D71462BD0}.Release|Any CPU.Build.0 = Release|Any CPU
	EndGlobalSection
	GlobalSection(SolutionProperties) = preSolution
		HideSolutionNode = FALSE
	EndGlobalSection
	GlobalSection(ExtensibilityGlobals) = postSolution
		SolutionGuid = {973211E7-FF3C-4761-9BCB-B13E33289B17}
	EndGlobalSection
EndGlobal
